
Microsoft Visual Studio Solution File, Format Version 12.00
# Visual Studio 15
VisualStudioVersion = 15.0.28307.136
MinimumVisualStudioVersion = 10.0.40219.1
Project("{FAE04EC0-301F-11D3-BF4B-00C04F79EFBC}") = "ANCRM_DealerUpload", "ANCRM_DealerUpload.csproj", "{82600074-F80F-45F4-82D1-335EA5BB4861}"
EndProject
Global
	GlobalSection(SolutionConfigurationPlatforms) = preSolution
		Debug|Any CPU = Debug|Any CPU
		Release|Any CPU = Release|Any CPU
	EndGlobalSection
	GlobalSection(ProjectConfigurationPlatforms) = postSolution
		{82600074-F80F-45F4-82D1-335EA5BB4861}.Debug|Any CPU.ActiveCfg = Debug|Any CPU
		{82600074-F80F-45F4-82D1-335EA5BB4861}.Debug|Any CPU.Build.0 = Debug|Any CPU
		{82600074-F80F-45F4-82D1-335EA5BB4861}.Release|Any CPU.ActiveCfg = Release|Any CPU
		{82600074-F80F-45F4-82D1-335EA5BB4861}.Release|Any CPU.Build.0 = Release|Any CPU
	EndGlobalSection
	GlobalSection(SolutionProperties) = preSolution
		HideSolutionNode = FALSE
	EndGlobalSection
	GlobalSection(ExtensibilityGlobals) = postSolution
		SolutionGuid = {C6FA472F-17BD-48B1-BDA0-5DB75BE1520F}
	EndGlobalSection
EndGlobal
